<?xml version="1.0" encoding="UTF-8"?>
<Project ToolsVersion="12.0" xmlns="http://schemas.microsoft.com/developer/msbuild/2003">
  <ItemGroup>
    <ClCompile Include="E:\UniRepos\Defend_your_TUition\DefendyourTUItion\bullet3-2.83.7\Extras\HACD\hacdGraph.cpp">
      <Filter>Source Files</Filter>
    </ClCompile>
    <ClCompile Include="E:\UniRepos\Defend_your_TUition\DefendyourTUItion\bullet3-2.83.7\Extras\HACD\hacdHACD.cpp">
      <Filter>Source Files</Filter>
    </ClCompile>
    <ClCompile Include="E:\UniRepos\Defend_your_TUition\DefendyourTUItion\bullet3-2.83.7\Extras\HACD\hacdICHull.cpp">
      <Filter>Source Files</Filter>
    </ClCompile>
    <ClCompile Include="E:\UniRepos\Defend_your_TUition\DefendyourTUItion\bullet3-2.83.7\Extras\HACD\hacdManifoldMesh.cpp">
      <Filter>Source Files</Filter>
    </ClCompile>
  </ItemGroup>
  <ItemGroup>
    <ClInclude Include="E:\UniRepos\Defend_your_TUition\DefendyourTUItion\bullet3-2.83.7\Extras\HACD\hacdCircularList.h">
      <Filter>Header Files</Filter>
    </ClInclude>
    <ClInclude Include="E:\UniRepos\Defend_your_TUition\DefendyourTUItion\bullet3-2.83.7\Extras\HACD\hacdGraph.h">
      <Filter>Header Files</Filter>
    </ClInclude>
    <ClInclude Include="E:\UniRepos\Defend_your_TUition\DefendyourTUItion\bullet3-2.83.7\Extras\HACD\hacdHACD.h">
      <Filter>Header Files</Filter>
    </ClInclude>
    <ClInclude Include="E:\UniRepos\Defend_your_TUition\DefendyourTUItion\bullet3-2.83.7\Extras\HACD\hacdICHull.h">
      <Filter>Header Files</Filter>
    </ClInclude>
    <ClInclude Include="E:\UniRepos\Defend_your_TUition\DefendyourTUItion\bullet3-2.83.7\Extras\HACD\hacdManifoldMesh.h">
      <Filter>Header Files</Filter>
    </ClInclude>
    <ClInclude Include="E:\UniRepos\Defend_your_TUition\DefendyourTUItion\bullet3-2.83.7\Extras\HACD\hacdVector.h">
      <Filter>Header Files</Filter>
    </ClInclude>
    <ClInclude Include="E:\UniRepos\Defend_your_TUition\DefendyourTUItion\bullet3-2.83.7\Extras\HACD\hacdVersion.h">
      <Filter>Header Files</Filter>
    </ClInclude>
    <ClInclude Include="E:\UniRepos\Defend_your_TUition\DefendyourTUItion\bullet3-2.83.7\Extras\HACD\hacdCircularList.inl">
      <Filter>Header Files</Filter>
    </ClInclude>
    <ClInclude Include="E:\UniRepos\Defend_your_TUition\DefendyourTUItion\bullet3-2.83.7\Extras\HACD\hacdVector.inl">
      <Filter>Header Files</Filter>
    </ClInclude>
  </ItemGroup>
  <ItemGroup>
    <CustomBuild Include="E:\UniRepos\Defend_your_TUition\DefendyourTUItion\bullet3-2.83.7\Extras\HACD\CMakeLists.txt" />
  </ItemGroup>
  <ItemGroup>
    <Filter Include="Source Files">
      <UniqueIdentifier>{A386846C-E2FE-36F8-9E82-A8397B363973}</UniqueIdentifier>
    </Filter>
    <Filter Include="Header Files">
      <UniqueIdentifier>{0D48CD2E-297F-35EA-927A-1E4E37751C48}</UniqueIdentifier>
    </Filter>
  </ItemGroup>
</Project>
